
Microsoft Visual Studio Solution File, Format Version 12.00
# Visual Studio 15
VisualStudioVersion = 15.0.27130.2036
MinimumVisualStudioVersion = 10.0.40219.1
Project("{FAE04EC0-301F-11D3-BF4B-00C04F79EFBC}") = "Caelum.CaixaEltronico", "CaixaEltronico\Caelum.CaixaEltronico.csproj", "{4689C3E9-EAA4-4045-85C1-5B664D65A235}"
EndProject
Project("{2150E333-8FDC-42A3-9474-1A3956D46DE8}") = "Console Aplication", "Console Aplication", "{322EE2EA-7C4F-4186-AC6A-126A0E88A774}"
EndProject
Project("{2150E333-8FDC-42A3-9474-1A3956D46DE8}") = "CaixaEletronico", "CaixaEletronico", "{E2DE3ED9-8A6B-469E-823C-E3CBFD4B2CE5}"
EndProject
Project("{FAE04EC0-301F-11D3-BF4B-00C04F79EFBC}") = "OPoderDosSets", "OPoderDosSets\OPoderDosSets.csproj", "{5FBBE0D4-0F34-44EE-A0B8-555731C7C58F}"
EndProject
Project("{FAE04EC0-301F-11D3-BF4B-00C04F79EFBC}") = "SetNoModelo", "SetNoModelo\SetNoModelo.csproj", "{BC8582A5-69FD-4863-B6BF-9F1A46D33B24}"
EndProject
Project("{FAE04EC0-301F-11D3-BF4B-00C04F79EFBC}") = "A51LinkedList", "A51LinkedList\A51LinkedList.csproj", "{651F96BF-17D2-4E86-9ED4-4DF780DD82D6}"
EndProject
Project("{FAE04EC0-301F-11D3-BF4B-00C04F79EFBC}") = "A52Stack", "A52Stack\A52Stack.csproj", "{6C99E822-976E-46F3-8527-87077C2B2ED4}"
EndProject
Project("{FAE04EC0-301F-11D3-BF4B-00C04F79EFBC}") = "A53Queue", "A53Queue\A53Queue.csproj", "{66454546-4E2A-40C6-A3FA-F3AB2F1F5A8D}"
EndProject
Global
	GlobalSection(SolutionConfigurationPlatforms) = preSolution
		Debug|Any CPU = Debug|Any CPU
		Release|Any CPU = Release|Any CPU
	EndGlobalSection
	GlobalSection(ProjectConfigurationPlatforms) = postSolution
		{4689C3E9-EAA4-4045-85C1-5B664D65A235}.Debug|Any CPU.ActiveCfg = Debug|Any CPU
		{4689C3E9-EAA4-4045-85C1-5B664D65A235}.Debug|Any CPU.Build.0 = Debug|Any CPU
		{4689C3E9-EAA4-4045-85C1-5B664D65A235}.Release|Any CPU.ActiveCfg = Release|Any CPU
		{4689C3E9-EAA4-4045-85C1-5B664D65A235}.Release|Any CPU.Build.0 = Release|Any CPU
		{5FBBE0D4-0F34-44EE-A0B8-555731C7C58F}.Debug|Any CPU.ActiveCfg = Debug|Any CPU
		{5FBBE0D4-0F34-44EE-A0B8-555731C7C58F}.Debug|Any CPU.Build.0 = Debug|Any CPU
		{5FBBE0D4-0F34-44EE-A0B8-555731C7C58F}.Release|Any CPU.ActiveCfg = Release|Any CPU
		{5FBBE0D4-0F34-44EE-A0B8-555731C7C58F}.Release|Any CPU.Build.0 = Release|Any CPU
		{BC8582A5-69FD-4863-B6BF-9F1A46D33B24}.Debug|Any CPU.ActiveCfg = Debug|Any CPU
		{BC8582A5-69FD-4863-B6BF-9F1A46D33B24}.Debug|Any CPU.Build.0 = Debug|Any CPU
		{BC8582A5-69FD-4863-B6BF-9F1A46D33B24}.Release|Any CPU.ActiveCfg = Release|Any CPU
		{BC8582A5-69FD-4863-B6BF-9F1A46D33B24}.Release|Any CPU.Build.0 = Release|Any CPU
		{651F96BF-17D2-4E86-9ED4-4DF780DD82D6}.Debug|Any CPU.ActiveCfg = Debug|Any CPU
		{651F96BF-17D2-4E86-9ED4-4DF780DD82D6}.Debug|Any CPU.Build.0 = Debug|Any CPU
		{651F96BF-17D2-4E86-9ED4-4DF780DD82D6}.Release|Any CPU.ActiveCfg = Release|Any CPU
		{651F96BF-17D2-4E86-9ED4-4DF780DD82D6}.Release|Any CPU.Build.0 = Release|Any CPU
		{6C99E822-976E-46F3-8527-87077C2B2ED4}.Debug|Any CPU.ActiveCfg = Debug|Any CPU
		{6C99E822-976E-46F3-8527-87077C2B2ED4}.Debug|Any CPU.Build.0 = Debug|Any CPU
		{6C99E822-976E-46F3-8527-87077C2B2ED4}.Release|Any CPU.ActiveCfg = Release|Any CPU
		{6C99E822-976E-46F3-8527-87077C2B2ED4}.Release|Any CPU.Build.0 = Release|Any CPU
		{66454546-4E2A-40C6-A3FA-F3AB2F1F5A8D}.Debug|Any CPU.ActiveCfg = Debug|Any CPU
		{66454546-4E2A-40C6-A3FA-F3AB2F1F5A8D}.Debug|Any CPU.Build.0 = Debug|Any CPU
		{66454546-4E2A-40C6-A3FA-F3AB2F1F5A8D}.Release|Any CPU.ActiveCfg = Release|Any CPU
		{66454546-4E2A-40C6-A3FA-F3AB2F1F5A8D}.Release|Any CPU.Build.0 = Release|Any CPU
	EndGlobalSection
	GlobalSection(SolutionProperties) = preSolution
		HideSolutionNode = FALSE
	EndGlobalSection
	GlobalSection(NestedProjects) = preSolution
		{4689C3E9-EAA4-4045-85C1-5B664D65A235} = {E2DE3ED9-8A6B-469E-823C-E3CBFD4B2CE5}
		{5FBBE0D4-0F34-44EE-A0B8-555731C7C58F} = {322EE2EA-7C4F-4186-AC6A-126A0E88A774}
		{BC8582A5-69FD-4863-B6BF-9F1A46D33B24} = {322EE2EA-7C4F-4186-AC6A-126A0E88A774}
		{651F96BF-17D2-4E86-9ED4-4DF780DD82D6} = {322EE2EA-7C4F-4186-AC6A-126A0E88A774}
		{6C99E822-976E-46F3-8527-87077C2B2ED4} = {322EE2EA-7C4F-4186-AC6A-126A0E88A774}
		{66454546-4E2A-40C6-A3FA-F3AB2F1F5A8D} = {322EE2EA-7C4F-4186-AC6A-126A0E88A774}
	EndGlobalSection
	GlobalSection(ExtensibilityGlobals) = postSolution
		SolutionGuid = {C9EBCF6B-ED65-469D-B332-B0BD1F58C624}
	EndGlobalSection
EndGlobal
